// !$*UTF8*$!
{
	archiveVersion = 1;
	classes = {
	};
	objectVersion = 110;
	objects = {

/* Begin PBXContainerItemProxy section */
		45D3C68C2FE1A761001C0D33 /* PBXContainerItemProxy */ = {
			isa = PBXContainerItemProxy;
			containerPortal = 45D3C6722FE1A760001C0D33 /* Project object */;
			proxyType = 1;
			remoteGlobalIDString = 45D3C6792FE1A760001C0D33;
			remoteInfo = swiftlet;
		};
		45D3C6962FE1A761001C0D33 /* PBXContainerItemProxy */ = {
			isa = PBXContainerItemProxy;
			containerPortal = 45D3C6722FE1A760001C0D33 /* Project object */;
			proxyType = 1;
			remoteGlobalIDString = 45D3C6792FE1A760001C0D33;
			remoteInfo = swiftlet;
		};
/* End PBXContainerItemProxy section */

/* Begin PBXFileReference section */
		45D3C67A2FE1A760001C0D33 /* swiftlet.app */ = {isa = PBXFileReference; explicitFileType = wrapper.application; includeInIndex = 0; path = swiftlet.app; sourceTree = BUILT_PRODUCTS_DIR; };
		45D3C68B2FE1A761001C0D33 /* swiftletTests.xctest */ = {isa = PBXFileReference; explicitFileType = wrapper.cfbundle; includeInIndex = 0; path = swiftletTests.xctest; sourceTree = BUILT_PRODUCTS_DIR; };
		45D3C6952FE1A761001C0D33 /* swiftletUITests.xctest */ = {isa = PBXFileReference; explicitFileType = wrapper.cfbundle; includeInIndex = 0; path = swiftletUITests.xctest; sourceTree = BUILT_PRODUCTS_DIR; };
/* End PBXFileReference section */

/* Begin PBXFileSystemSynchronizedBuildFileExceptionSet section */
		45D3C69B2FE1A761001C0D33 /* Exceptions for "swiftlet" folder in "swiftlet" target */ = {
			isa = PBXFileSystemSynchronizedBuildFileExceptionSet;
			membershipExceptions = (
				Info.plist,
			);
			target = 45D3C6792FE1A760001C0D33 /* swiftlet */;
		};
/* End PBXFileSystemSynchronizedBuildFileExceptionSet section */

/* Begin PBXFileSystemSynchronizedRootGroup section */
		45D3C67C2FE1A760001C0D33 /* swiftlet */ = {
			isa = PBXFileSystemSynchronizedRootGroup;
			exceptions = (
				45D3C69B2FE1A761001C0D33 /* Exceptions for "swiftlet" folder in "swiftlet" target */,
			);
			path = swiftlet;
			sourceTree = "<group>";
		};
		45D3C68E2FE1A761001C0D33 /* swiftletTests */ = {
			isa = PBXFileSystemSynchronizedRootGroup;
			path = swiftletTests;
			sourceTree = "<group>";
		};
		45D3C6982FE1A761001C0D33 /* swiftletUITests */ = {
			isa = PBXFileSystemSynchronizedRootGroup;
			path = swiftletUITests;
			sourceTree = "<group>";
		};
/* End PBXFileSystemSynchronizedRootGroup section */

/* Begin PBXFrameworksBuildPhase section */
		45D3C6772FE1A760001C0D33 /* Frameworks */ = {
			isa = PBXFrameworksBuildPhase;
			files = (
			);
		};
		45D3C6882FE1A761001C0D33 /* Frameworks */ = {
			isa = PBXFrameworksBuildPhase;
			files = (
			);
		};
		45D3C6922FE1A761001C0D33 /* Frameworks */ = {
			isa = PBXFrameworksBuildPhase;
			files = (
			);
		};
/* End PBXFrameworksBuildPhase section */

/* Begin PBXGroup section */
		45D3C6712FE1A760001C0D33 = {
			isa = PBXGroup;
			children = (
				45D3C67C2FE1A760001C0D33 /* swiftlet */,
				45D3C68E2FE1A761001C0D33 /* swiftletTests */,
				45D3C6982FE1A761001C0D33 /* swiftletUITests */,
				45D3C67B2FE1A760001C0D33 /* Products */,
			);
			sourceTree = "<group>";
		};
		45D3C67B2FE1A760001C0D33 /* Products */ = {
			isa = PBXGroup;
			children = (
				45D3C67A2FE1A760001C0D33 /* swiftlet.app */,
				45D3C68B2FE1A761001C0D33 /* swiftletTests.xctest */,
				45D3C6952FE1A761001C0D33 /* swiftletUITests.xctest */,
			);
			name = Products;
			sourceTree = "<group>";
		};
/* End PBXGroup section */

/* Begin PBXNativeTarget section */
		45D3C6792FE1A760001C0D33 /* swiftlet */ = {
			isa = PBXNativeTarget;
			buildConfigurationList = 45D3C69C2FE1A761001C0D33 /* Build configuration list for PBXNativeTarget "swiftlet" */;
			buildPhases = (
				45D3C6762FE1A760001C0D33 /* Sources */,
				45D3C6772FE1A760001C0D33 /* Frameworks */,
				45D3C6782FE1A760001C0D33 /* Resources */,
			);
			buildRules = (
			);
			fileSystemSynchronizedGroups = (
				45D3C67C2FE1A760001C0D33 /* swiftlet */,
			);
			name = swiftlet;
			productName = swiftlet;
			productReference = 45D3C67A2FE1A760001C0D33 /* swiftlet.app */;
			productType = "com.apple.product-type.application";
		};
		45D3C68A2FE1A761001C0D33 /* swiftletTests */ = {
			isa = PBXNativeTarget;
			buildConfigurationList = 45D3C6A12FE1A761001C0D33 /* Build configuration list for PBXNativeTarget "swiftletTests" */;
			buildPhases = (
				45D3C6872FE1A761001C0D33 /* Sources */,
				45D3C6882FE1A761001C0D33 /* Frameworks */,
				45D3C6892FE1A761001C0D33 /* Resources */,
			);
			buildRules = (
			);
			dependencies = (
				45D3C68D2FE1A761001C0D33 /* PBXTargetDependency */,
			);
			fileSystemSynchronizedGroups = (
				45D3C68E2FE1A761001C0D33 /* swiftletTests */,
			);
			name = swiftletTests;
			productName = swiftletTests;
			productReference = 45D3C68B2FE1A761001C0D33 /* swiftletTests.xctest */;
			productType = "com.apple.product-type.bundle.unit-test";
		};
		45D3C6942FE1A761001C0D33 /* swiftletUITests */ = {
			isa = PBXNativeTarget;
			buildConfigurationList = 45D3C6A42FE1A761001C0D33 /* Build configuration list for PBXNativeTarget "swiftletUITests" */;
			buildPhases = (
				45D3C6912FE1A761001C0D33 /* Sources */,
				45D3C6922FE1A761001C0D33 /* Frameworks */,
				45D3C6932FE1A761001C0D33 /* Resources */,
			);
			buildRules = (
			);
			dependencies = (
				45D3C6972FE1A761001C0D33 /* PBXTargetDependency */,
			);
			fileSystemSynchronizedGroups = (
				45D3C6982FE1A761001C0D33 /* swiftletUITests */,
			);
			name = swiftletUITests;
			productName = swiftletUITests;
			productReference = 45D3C6952FE1A761001C0D33 /* swiftletUITests.xctest */;
			productType = "com.apple.product-type.bundle.ui-testing";
		};
/* End PBXNativeTarget section */

/* Begin PBXProject section */
		45D3C6722FE1A760001C0D33 /* Project object */ = {
			isa = PBXProject;
			attributes = {
				BuildIndependentTargetsInParallel = 1;
				LastSwiftUpdateCheck = 2700;
				LastUpgradeCheck = 2700;
				TargetAttributes = {
					45D3C6792FE1A760001C0D33 = {
						CreatedOnToolsVersion = 27.0;
					};
					45D3C68A2FE1A761001C0D33 = {
						CreatedOnToolsVersion = 27.0;
						TestTargetID = 45D3C6792FE1A760001C0D33;
					};
					45D3C6942FE1A761001C0D33 = {
						CreatedOnToolsVersion = 27.0;
						TestTargetID = 45D3C6792FE1A760001C0D33;
					};
				};
			};
			buildConfigurationList = 45D3C6752FE1A760001C0D33 /* Build configuration list for PBXProject "swiftlet" */;
			developmentRegion = en;
			hasScannedForEncodings = 0;
			knownRegions = (
				en,
				Base,
			);
			mainGroup = 45D3C6712FE1A760001C0D33;
			minimizedProjectReferenceProxies = 1;
			preferredProjectObjectVersion = 77;
			productRefGroup = 45D3C67B2FE1A760001C0D33 /* Products */;
			projectDirPath = "";
			projectRoot = "";
			targets = (
				45D3C6792FE1A760001C0D33 /* swiftlet */,
				45D3C68A2FE1A761001C0D33 /* swiftletTests */,
				45D3C6942FE1A761001C0D33 /* swiftletUITests */,
			);
		};
/* End PBXProject section */

/* Begin PBXResourcesBuildPhase section */
		45D3C6782FE1A760001C0D33 /* Resources */ = {
			isa = PBXResourcesBuildPhase;
			files = (
			);
		};
		45D3C6892FE1A761001C0D33 /* Resources */ = {
			isa = PBXResourcesBuildPhase;
			files = (
			);
		};
		45D3C6932FE1A761001C0D33 /* Resources */ = {
			isa = PBXResourcesBuildPhase;
			files = (
			);
		};
/* End PBXResourcesBuildPhase section */

/* Begin PBXSourcesBuildPhase section */
		45D3C6762FE1A760001C0D33 /* Sources */ = {
			isa = PBXSourcesBuildPhase;
			files = (
			);
		};
		45D3C6872FE1A761001C0D33 /* Sources */ = {
			isa = PBXSourcesBuildPhase;
			files = (
			);
		};
		45D3C6912FE1A761001C0D33 /* Sources */ = {
			isa = PBXSourcesBuildPhase;
			files = (
			);
		};
/* End PBXSourcesBuildPhase section */

/* Begin PBXTargetDependency section */
		45D3C68D2FE1A761001C0D33 /* PBXTargetDependency */ = {
			isa = PBXTargetDependency;
			target = 45D3C6792FE1A760001C0D33 /* swiftlet */;
			targetProxy = 45D3C68C2FE1A761001C0D33 /* PBXContainerItemProxy */;
		};
		45D3C6972FE1A761001C0D33 /* PBXTargetDependency */ = {
			isa = PBXTargetDependency;
			target = 45D3C6792FE1A760001C0D33 /* swiftlet */;
			targetProxy = 45D3C6962FE1A761001C0D33 /* PBXContainerItemProxy */;
		};
/* End PBXTargetDependency section */

/* Begin XCBuildConfiguration section */
		45D3C69D2FE1A761001C0D33 /* Debug configuration for PBXNativeTarget "swiftlet" */ = {
			isa = XCBuildConfiguration;
			buildSettings = {
				ASSETCATALOG_COMPILER_APPICON_NAME = AppIcon;
				ASSETCATALOG_COMPILER_GLOBAL_ACCENT_COLOR_NAME = AccentColor;
				CODE_SIGN_STYLE = Automatic;
				CURRENT_PROJECT_VERSION = 1;
				DEVELOPMENT_TEAM = H2NS3XTS96;
				ENABLE_APP_SANDBOX = YES;
				ENABLE_HARDENED_RUNTIME = YES;
				ENABLE_PREVIEWS = YES;
				ENABLE_USER_SELECTED_FILES = readonly;
				GENERATE_INFOPLIST_FILE = YES;
				INFOPLIST_FILE = swiftlet/Info.plist;
				"INFOPLIST_KEY_UIApplicationSceneManifest_Generation[sdk=iphoneos*]" = YES;
				"INFOPLIST_KEY_UIApplicationSceneManifest_Generation[sdk=iphonesimulator*]" = YES;
				"INFOPLIST_KEY_UIApplicationSupportsIndirectInputEvents[sdk=iphoneos*]" = YES;
				"INFOPLIST_KEY_UIApplicationSupportsIndirectInputEvents[sdk=iphonesimulator*]" = YES;
				"INFOPLIST_KEY_UILaunchScreen_Generation[sdk=iphoneos*]" = YES;
				"INFOPLIST_KEY_UILaunchScreen_Generation[sdk=iphonesimulator*]" = YES;
				"INFOPLIST_KEY_UIStatusBarStyle[sdk=iphoneos*]" = UIStatusBarStyleDefault;
				"INFOPLIST_KEY_UIStatusBarStyle[sdk=iphonesimulator*]" = UIStatusBarStyleDefault;
				INFOPLIST_KEY_UISupportedInterfaceOrientations_iPad = "UIInterfaceOrientationPortrait UIInterfaceOrientationPortraitUpsideDown UIInterfaceOrientationLandscapeLeft UIInterfaceOrientationLandscapeRight";
				INFOPLIST_KEY_UISupportedInterfaceOrientations_iPhone = "UIInterfaceOrientationPortrait UIInterfaceOrientationLandscapeLeft UIInterfaceOrientationLandscapeRight";
				IPHONEOS_DEPLOYMENT_TARGET = 27.0;
				LD_RUNPATH_SEARCH_PATHS = "@executable_path/Frameworks";
				"LD_RUNPATH_SEARCH_PATHS[sdk=macosx*]" = "@executable_path/../Frameworks";
				MACOSX_DEPLOYMENT_TARGET = 27.0;
				MARKETING_VERSION = 1.0;
				PRODUCT_BUNDLE_IDENTIFIER = com.stuwang.swiftlet;
				PRODUCT_NAME = "$(TARGET_NAME)";
				REGISTER_APP_GROUPS = YES;
				SDKROOT = auto;
				STRING_CATALOG_GENERATE_SYMBOLS = YES;
				SUPPORTED_PLATFORMS = "iphoneos iphonesimulator macosx xros xrsimulator";
				SWIFT_APPROACHABLE_CONCURRENCY = YES;
				SWIFT_DEFAULT_ACTOR_ISOLATION = MainActor;
				SWIFT_EMIT_LOC_STRINGS = YES;
				SWIFT_UPCOMING_FEATURE_MEMBER_IMPORT_VISIBILITY = YES;
				SWIFT_VERSION = 5.0;
				TARGETED_DEVICE_FAMILY = "1,2,7";
				XROS_DEPLOYMENT_TARGET = 27.0;
			};
			name = Debug;
		};
		45D3C69E2FE1A761001C0D33 /* Release configuration for PBXNativeTarget "swiftlet" */ = {
			isa = XCBuildConfiguration;
			buildSettings = {
				ASSETCATALOG_COMPILER_APPICON_NAME = AppIcon;
				ASSETCATALOG_COMPILER_GLOBAL_ACCENT_COLOR_NAME = AccentColor;
				CODE_SIGN_STYLE = Automatic;
				CURRENT_PROJECT_VERSION = 1;
				DEVELOPMENT_TEAM = H2NS3XTS96;
				ENABLE_APP_SANDBOX = YES;
				ENABLE_HARDENED_RUNTIME = YES;
				ENABLE_PREVIEWS = YES;
				ENABLE_USER_SELECTED_FILES = readonly;
				GENERATE_INFOPLIST_FILE = YES;
				INFOPLIST_FILE = swiftlet/Info.plist;
				"INFOPLIST_KEY_UIApplicationSceneManifest_Generation[sdk=iphoneos*]" = YES;
				"INFOPLIST_KEY_UIApplicationSceneManifest_Generation[sdk=iphonesimulator*]" = YES;
				"INFOPLIST_KEY_UIApplicationSupportsIndirectInputEvents[sdk=iphoneos*]" = YES;
				"INFOPLIST_KEY_UIApplicationSupportsIndirectInputEvents[sdk=iphonesimulator*]" = YES;
				"INFOPLIST_KEY_UILaunchScreen_Generation[sdk=iphoneos*]" = YES;
				"INFOPLIST_KEY_UILaunchScreen_Generation[sdk=iphonesimulator*]" = YES;
				"INFOPLIST_KEY_UIStatusBarStyle[sdk=iphoneos*]" = UIStatusBarStyleDefault;
				"INFOPLIST_KEY_UIStatusBarStyle[sdk=iphonesimulator*]" = UIStatusBarStyleDefault;
				INFOPLIST_KEY_UISupportedInterfaceOrientations_iPad = "UIInterfaceOrientationPortrait UIInterfaceOrientationPortraitUpsideDown UIInterfaceOrientationLandscapeLeft UIInterfaceOrientationLandscapeRight";
				INFOPLIST_KEY_UISupportedInterfaceOrientations_iPhone = "UIInterfaceOrientationPortrait UIInterfaceOrientationLandscapeLeft UIInterfaceOrientationLandscapeRight";
				IPHONEOS_DEPLOYMENT_TARGET = 27.0;
				LD_RUNPATH_SEARCH_PATHS = "@executable_path/Frameworks";
				"LD_RUNPATH_SEARCH_PATHS[sdk=macosx*]" = "@executable_path/../Frameworks";
				MACOSX_DEPLOYMENT_TARGET = 27.0;
				MARKETING_VERSION = 1.0;
				PRODUCT_BUNDLE_IDENTIFIER = com.stuwang.swiftlet;
				PRODUCT_NAME = "$(TARGET_NAME)";
				REGISTER_APP_GROUPS = YES;
				SDKROOT = auto;
				STRING_CATALOG_GENERATE_SYMBOLS = YES;
				SUPPORTED_PLATFORMS = "iphoneos iphonesimulator macosx xros xrsimulator";
				SWIFT_APPROACHABLE_CONCURRENCY = YES;
				SWIFT_DEFAULT_ACTOR_ISOLATION = MainActor;
				SWIFT_EMIT_LOC_STRINGS = YES;
				SWIFT_UPCOMING_FEATURE_MEMBER_IMPORT_VISIBILITY = YES;
				SWIFT_VERSION = 5.0;
				TARGETED_DEVICE_FAMILY = "1,2,7";
				XROS_DEPLOYMENT_TARGET = 27.0;
			};
			name = Release;
		};
		45D3C69F2FE1A761001C0D33 /* Debug configuration for PBXProject "swiftlet" */ = {
			isa = XCBuildConfiguration;
			buildSettings = {
				ALWAYS_SEARCH_USER_PATHS = NO;
				ASSETCATALOG_COMPILER_GENERATE_SWIFT_ASSET_SYMBOL_EXTENSIONS = YES;
				CLANG_ANALYZER_NONNULL = YES;
				CLANG_ANALYZER_NUMBER_OBJECT_CONVERSION = YES_AGGRESSIVE;
				CLANG_CXX_LANGUAGE_STANDARD = "gnu++20";
				CLANG_ENABLE_MODULES = YES;
				CLANG_ENABLE_OBJC_ARC = YES;
				CLANG_ENABLE_OBJC_WEAK = YES;
				CLANG_WARN_BLOCK_CAPTURE_AUTORELEASING = YES;
				CLANG_WARN_BOOL_CONVERSION = YES;
				CLANG_WARN_COMMA = YES;
				CLANG_WARN_CONSTANT_CONVERSION = YES;
				CLANG_WARN_DEPRECATED_OBJC_IMPLEMENTATIONS = YES;
				CLANG_WARN_DIRECT_OBJC_ISA_USAGE = YES_ERROR;
				CLANG_WARN_DOCUMENTATION_COMMENTS = YES;
				CLANG_WARN_EMPTY_BODY = YES;
				CLANG_WARN_ENUM_CONVERSION = YES;
				CLANG_WARN_INFINITE_RECURSION = YES;
				CLANG_WARN_INT_CONVERSION = YES;
				CLANG_WARN_NON_LITERAL_NULL_CONVERSION = YES;
				CLANG_WARN_OBJC_IMPLICIT_RETAIN_SELF = YES;
				CLANG_WARN_OBJC_LITERAL_CONVERSION = YES;
				CLANG_WARN_OBJC_ROOT_CLASS = YES_ERROR;
				CLANG_WARN_QUOTED_INCLUDE_IN_FRAMEWORK_HEADER = YES;
				CLANG_WARN_RANGE_LOOP_ANALYSIS = YES;
				CLANG_WARN_STRICT_PROTOTYPES = YES;
				CLANG_WARN_SUSPICIOUS_MOVE = YES;
				CLANG_WARN_UNGUARDED_AVAILABILITY = YES_AGGRESSIVE;
				CLANG_WARN_UNREACHABLE_CODE = YES;
				CLANG_WARN__DUPLICATE_METHOD_MATCH = YES;
				COPY_PHASE_STRIP = NO;
				DEBUG_INFORMATION_FORMAT = dwarf;
				DEVELOPMENT_TEAM = H2NS3XTS96;
				ENABLE_STRICT_OBJC_MSGSEND = YES;
				ENABLE_TESTABILITY = YES;
				ENABLE_USER_SCRIPT_SANDBOXING = YES;
				GCC_C_LANGUAGE_STANDARD = gnu17;
				GCC_DYNAMIC_NO_PIC = NO;
				GCC_NO_COMMON_BLOCKS = YES;
				GCC_OPTIMIZATION_LEVEL = 0;
				GCC_PREPROCESSOR_DEFINITIONS = (
					"DEBUG=1",
					"$(inherited)",
				);
				GCC_WARN_64_TO_32_BIT_CONVERSION = YES;
				GCC_WARN_ABOUT_RETURN_TYPE = YES_ERROR;
				GCC_WARN_UNDECLARED_SELECTOR = YES;
				GCC_WARN_UNINITIALIZED_AUTOS = YES_AGGRESSIVE;
				GCC_WARN_UNUSED_FUNCTION = YES;
				GCC_WARN_UNUSED_VARIABLE = YES;
				LOCALIZATION_PREFERS_STRING_CATALOGS = YES;
				MTL_ENABLE_DEBUG_INFO = INCLUDE_SOURCE;
				MTL_FAST_MATH = YES;
				ONLY_ACTIVE_ARCH = YES;
				SWIFT_ACTIVE_COMPILATION_CONDITIONS = "DEBUG $(inherited)";
				SWIFT_OPTIMIZATION_LEVEL = "-Onone";
			};
			name = Debug;
		};
		45D3C6A02FE1A761001C0D33 /* Release configuration for PBXProject "swiftlet" */ = {
			isa = XCBuildConfiguration;
			buildSettings = {
				ALWAYS_SEARCH_USER_PATHS = NO;
				ASSETCATALOG_COMPILER_GENERATE_SWIFT_ASSET_SYMBOL_EXTENSIONS = YES;
				CLANG_ANALYZER_NONNULL = YES;
				CLANG_ANALYZER_NUMBER_OBJECT_CONVERSION = YES_AGGRESSIVE;
				CLANG_CXX_LANGUAGE_STANDARD = "gnu++20";
				CLANG_ENABLE_MODULES = YES;
				CLANG_ENABLE_OBJC_ARC = YES;
				CLANG_ENABLE_OBJC_WEAK = YES;
				CLANG_WARN_BLOCK_CAPTURE_AUTORELEASING = YES;
				CLANG_WARN_BOOL_CONVERSION = YES;
				CLANG_WARN_COMMA = YES;
				CLANG_WARN_CONSTANT_CONVERSION = YES;
				CLANG_WARN_DEPRECATED_OBJC_IMPLEMENTATIONS = YES;
				CLANG_WARN_DIRECT_OBJC_ISA_USAGE = YES_ERROR;
				CLANG_WARN_DOCUMENTATION_COMMENTS = YES;
				CLANG_WARN_EMPTY_BODY = YES;
				CLANG_WARN_ENUM_CONVERSION = YES;
				CLANG_WARN_INFINITE_RECURSION = YES;
				CLANG_WARN_INT_CONVERSION = YES;
				CLANG_WARN_NON_LITERAL_NULL_CONVERSION = YES;
				CLANG_WARN_OBJC_IMPLICIT_RETAIN_SELF = YES;
				CLANG_WARN_OBJC_LITERAL_CONVERSION = YES;
				CLANG_WARN_OBJC_ROOT_CLASS = YES_ERROR;
				CLANG_WARN_QUOTED_INCLUDE_IN_FRAMEWORK_HEADER = YES;
				CLANG_WARN_RANGE_LOOP_ANALYSIS = YES;
				CLANG_WARN_STRICT_PROTOTYPES = YES;
				CLANG_WARN_SUSPICIOUS_MOVE = YES;
				CLANG_WARN_UNGUARDED_AVAILABILITY = YES_AGGRESSIVE;
				CLANG_WARN_UNREACHABLE_CODE = YES;
				CLANG_WARN__DUPLICATE_METHOD_MATCH = YES;
				COPY_PHASE_STRIP = NO;
				DEBUG_INFORMATION_FORMAT = "dwarf-with-dsym";
				DEVELOPMENT_TEAM = H2NS3XTS96;
				ENABLE_NS_ASSERTIONS = NO;
				ENABLE_STRICT_OBJC_MSGSEND = YES;
				ENABLE_USER_SCRIPT_SANDBOXING = YES;
				GCC_C_LANGUAGE_STANDARD = gnu17;
				GCC_NO_COMMON_BLOCKS = YES;
				GCC_WARN_64_TO_32_BIT_CONVERSION = YES;
				GCC_WARN_ABOUT_RETURN_TYPE = YES_ERROR;
				GCC_WARN_UNDECLARED_SELECTOR = YES;
				GCC_WARN_UNINITIALIZED_AUTOS = YES_AGGRESSIVE;
				GCC_WARN_UNUSED_FUNCTION = YES;
				GCC_WARN_UNUSED_VARIABLE = YES;
				LOCALIZATION_PREFERS_STRING_CATALOGS = YES;
				MTL_ENABLE_DEBUG_INFO = NO;
				MTL_FAST_MATH = YES;
				SWIFT_COMPILATION_MODE = wholemodule;
			};
			name = Release;
		};
		45D3C6A22FE1A761001C0D33 /* Debug configuration for PBXNativeTarget "swiftletTests" */ = {
			isa = XCBuildConfiguration;
			buildSettings = {
				BUNDLE_LOADER = "$(TEST_HOST)";
				CODE_SIGN_STYLE = Automatic;
				CURRENT_PROJECT_VERSION = 1;
				DEVELOPMENT_TEAM = H2NS3XTS96;
				GENERATE_INFOPLIST_FILE = YES;
				IPHONEOS_DEPLOYMENT_TARGET = 27.0;
				MACOSX_DEPLOYMENT_TARGET = 27.0;
				MARKETING_VERSION = 1.0;
				PRODUCT_BUNDLE_IDENTIFIER = com.stuwang.swiftletTests;
				PRODUCT_NAME = "$(TARGET_NAME)";
				SDKROOT = auto;
				STRING_CATALOG_GENERATE_SYMBOLS = NO;
				SUPPORTED_PLATFORMS = "iphoneos iphonesimulator macosx xros xrsimulator";
				SWIFT_APPROACHABLE_CONCURRENCY = YES;
				SWIFT_EMIT_LOC_STRINGS = NO;
				SWIFT_UPCOMING_FEATURE_MEMBER_IMPORT_VISIBILITY = YES;
				SWIFT_VERSION = 5.0;
				TARGETED_DEVICE_FAMILY = "1,2,7";
				TEST_HOST = "$(BUILT_PRODUCTS_DIR)/swiftlet.app/$(BUNDLE_EXECUTABLE_FOLDER_PATH)/swiftlet";
				XROS_DEPLOYMENT_TARGET = 27.0;
			};
			name = Debug;
		};
		45D3C6A32FE1A761001C0D33 /* Release configuration for PBXNativeTarget "swiftletTests" */ = {
			isa = XCBuildConfiguration;
			buildSettings = {
				BUNDLE_LOADER = "$(TEST_HOST)";
				CODE_SIGN_STYLE = Automatic;
				CURRENT_PROJECT_VERSION = 1;
				DEVELOPMENT_TEAM = H2NS3XTS96;
				GENERATE_INFOPLIST_FILE = YES;
				IPHONEOS_DEPLOYMENT_TARGET = 27.0;
				MACOSX_DEPLOYMENT_TARGET = 27.0;
				MARKETING_VERSION = 1.0;
				PRODUCT_BUNDLE_IDENTIFIER = com.stuwang.swiftletTests;
				PRODUCT_NAME = "$(TARGET_NAME)";
				SDKROOT = auto;
				STRING_CATALOG_GENERATE_SYMBOLS = NO;
				SUPPORTED_PLATFORMS = "iphoneos iphonesimulator macosx xros xrsimulator";
				SWIFT_APPROACHABLE_CONCURRENCY = YES;
				SWIFT_EMIT_LOC_STRINGS = NO;
				SWIFT_UPCOMING_FEATURE_MEMBER_IMPORT_VISIBILITY = YES;
				SWIFT_VERSION = 5.0;
				TARGETED_DEVICE_FAMILY = "1,2,7";
				TEST_HOST = "$(BUILT_PRODUCTS_DIR)/swiftlet.app/$(BUNDLE_EXECUTABLE_FOLDER_PATH)/swiftlet";
				XROS_DEPLOYMENT_TARGET = 27.0;
			};
			name = Release;
		};
		45D3C6A52FE1A761001C0D33 /* Debug configuration for PBXNativeTarget "swiftletUITests" */ = {
			isa = XCBuildConfiguration;
			buildSettings = {
				CODE_SIGN_STYLE = Automatic;
				CURRENT_PROJECT_VERSION = 1;
				DEVELOPMENT_TEAM = H2NS3XTS96;
				GENERATE_INFOPLIST_FILE = YES;
				IPHONEOS_DEPLOYMENT_TARGET = 27.0;
				MACOSX_DEPLOYMENT_TARGET = 27.0;
				MARKETING_VERSION = 1.0;
				PRODUCT_BUNDLE_IDENTIFIER = com.stuwang.swiftletUITests;
				PRODUCT_NAME = "$(TARGET_NAME)";
				SDKROOT = auto;
				STRING_CATALOG_GENERATE_SYMBOLS = NO;
				SUPPORTED_PLATFORMS = "iphoneos iphonesimulator macosx xros xrsimulator";
				SWIFT_APPROACHABLE_CONCURRENCY = YES;
				SWIFT_EMIT_LOC_STRINGS = NO;
				SWIFT_UPCOMING_FEATURE_MEMBER_IMPORT_VISIBILITY = YES;
				SWIFT_VERSION = 5.0;
				TARGETED_DEVICE_FAMILY = "1,2,7";
				TEST_TARGET_NAME = swiftlet;
				XROS_DEPLOYMENT_TARGET = 27.0;
			};
			name = Debug;
		};
		45D3C6A62FE1A761001C0D33 /* Release configuration for PBXNativeTarget "swiftletUITests" */ = {
			isa = XCBuildConfiguration;
			buildSettings = {
				CODE_SIGN_STYLE = Automatic;
				CURRENT_PROJECT_VERSION = 1;
				DEVELOPMENT_TEAM = H2NS3XTS96;
				GENERATE_INFOPLIST_FILE = YES;
				IPHONEOS_DEPLOYMENT_TARGET = 27.0;
				MACOSX_DEPLOYMENT_TARGET = 27.0;
				MARKETING_VERSION = 1.0;
				PRODUCT_BUNDLE_IDENTIFIER = com.stuwang.swiftletUITests;
				PRODUCT_NAME = "$(TARGET_NAME)";
				SDKROOT = auto;
				STRING_CATALOG_GENERATE_SYMBOLS = NO;
				SUPPORTED_PLATFORMS = "iphoneos iphonesimulator macosx xros xrsimulator";
				SWIFT_APPROACHABLE_CONCURRENCY = YES;
				SWIFT_EMIT_LOC_STRINGS = NO;
				SWIFT_UPCOMING_FEATURE_MEMBER_IMPORT_VISIBILITY = YES;
				SWIFT_VERSION = 5.0;
				TARGETED_DEVICE_FAMILY = "1,2,7";
				TEST_TARGET_NAME = swiftlet;
				XROS_DEPLOYMENT_TARGET = 27.0;
			};
			name = Release;
		};
/* End XCBuildConfiguration section */

/* Begin XCConfigurationList section */
		45D3C6752FE1A760001C0D33 /* Build configuration list for PBXProject "swiftlet" */ = {
			isa = XCConfigurationList;
			buildConfigurations = (
				45D3C69F2FE1A761001C0D33 /* Debug configuration for PBXProject "swiftlet" */,
				45D3C6A02FE1A761001C0D33 /* Release configuration for PBXProject "swiftlet" */,
			);
			defaultConfigurationName = Release;
		};
		45D3C69C2FE1A761001C0D33 /* Build configuration list for PBXNativeTarget "swiftlet" */ = {
			isa = XCConfigurationList;
			buildConfigurations = (
				45D3C69D2FE1A761001C0D33 /* Debug configuration for PBXNativeTarget "swiftlet" */,
				45D3C69E2FE1A761001C0D33 /* Release configuration for PBXNativeTarget "swiftlet" */,
			);
			defaultConfigurationName = Release;
		};
		45D3C6A12FE1A761001C0D33 /* Build configuration list for PBXNativeTarget "swiftletTests" */ = {
			isa = XCConfigurationList;
			buildConfigurations = (
				45D3C6A22FE1A761001C0D33 /* Debug configuration for PBXNativeTarget "swiftletTests" */,
				45D3C6A32FE1A761001C0D33 /* Release configuration for PBXNativeTarget "swiftletTests" */,
			);
			defaultConfigurationName = Release;
		};
		45D3C6A42FE1A761001C0D33 /* Build configuration list for PBXNativeTarget "swiftletUITests" */ = {
			isa = XCConfigurationList;
			buildConfigurations = (
				45D3C6A52FE1A761001C0D33 /* Debug configuration for PBXNativeTarget "swiftletUITests" */,
				45D3C6A62FE1A761001C0D33 /* Release configuration for PBXNativeTarget "swiftletUITests" */,
			);
			defaultConfigurationName = Release;
		};
/* End XCConfigurationList section */
	};
	rootObject = 45D3C6722FE1A760001C0D33 /* Project object */;
	validationLevel = 1;
}
